{
  "version": 4,
  "terraform_version": "1.9.1",
  "serial": 489,
  "lineage": "3d207381-fdb9-c490-3951-33e24d5c63b8",
  "outputs": {
    "Database_IPv4": {
      "value": [
        "10.196.36.142"
      ],
      "type": [
        "tuple",
        [
          "string"
        ]
      ]
    },
    "Storage_IPv4": {
      "value": [],
      "type": [
        "tuple",
        []
      ]
    },
    "Worker_IPv4": {
      "value": [
        "10.196.36.24",
        "10.196.36.195",
        "10.196.38.45",
        "10.196.37.51",
        "10.196.37.115",
        "10.196.36.240",
        "10.196.36.91",
        "10.196.38.134",
        "10.196.38.112",
        "10.196.36.118",
        "10.196.39.77",
        "10.196.38.125",
        "10.196.36.238",
        "10.196.36.86",
        "10.196.37.202",
        "10.196.36.45",
        "10.196.38.222",
        "10.196.39.34",
        "10.196.37.83",
        "10.196.38.100",
        "10.196.36.25",
        "10.196.36.244",
        "10.196.38.254",
        "10.196.36.140"
      ],
      "type": [
        "tuple",
        [
          "string",
          "string",
          "string",
          "string",
          "string",
          "string",
          "string",
          "string",
          "string",
          "string",
          "string",
          "string",
          "string",
          "string",
          "string",
          "string",
          "string",
          "string",
          "string",
          "string",
          "string",
          "string",
          "string",
          "string"
        ]
      ]
    }
  },
  "resources": [
    {
      "mode": "managed",
      "type": "local_file",
      "name": "inventory",
      "provider": "provider[\"registry.terraform.io/hashicorp/local\"]",
      "instances": [
        {
          "schema_version": 0,
          "attributes": {
            "content": "[common]\n        database-target-0 ansible_host=10.196.36.142 ansible_connection=ssh ansible_user=ubuntu\n        worker-target-0 ansible_host=10.196.36.24 ansible_connection=ssh ansible_user=ubuntu\n    worker-target-1 ansible_host=10.196.36.195 ansible_connection=ssh ansible_user=ubuntu\n    worker-target-2 ansible_host=10.196.38.45 ansible_connection=ssh ansible_user=ubuntu\n    worker-target-3 ansible_host=10.196.37.51 ansible_connection=ssh ansible_user=ubuntu\n    worker-target-4 ansible_host=10.196.37.115 ansible_connection=ssh ansible_user=ubuntu\n    worker-target-5 ansible_host=10.196.36.240 ansible_connection=ssh ansible_user=ubuntu\n    worker-target-6 ansible_host=10.196.36.91 ansible_connection=ssh ansible_user=ubuntu\n    worker-target-7 ansible_host=10.196.38.134 ansible_connection=ssh ansible_user=ubuntu\n    worker-target-8 ansible_host=10.196.38.112 ansible_connection=ssh ansible_user=ubuntu\n    worker-target-9 ansible_host=10.196.36.118 ansible_connection=ssh ansible_user=ubuntu\n    worker-target-10 ansible_host=10.196.39.77 ansible_connection=ssh ansible_user=ubuntu\n    worker-target-11 ansible_host=10.196.38.125 ansible_connection=ssh ansible_user=ubuntu\n    worker-target-12 ansible_host=10.196.36.238 ansible_connection=ssh ansible_user=ubuntu\n    worker-target-13 ansible_host=10.196.36.86 ansible_connection=ssh ansible_user=ubuntu\n    worker-target-14 ansible_host=10.196.37.202 ansible_connection=ssh ansible_user=ubuntu\n    worker-target-15 ansible_host=10.196.36.45 ansible_connection=ssh ansible_user=ubuntu\n    worker-target-16 ansible_host=10.196.38.222 ansible_connection=ssh ansible_user=ubuntu\n    worker-target-17 ansible_host=10.196.39.34 ansible_connection=ssh ansible_user=ubuntu\n    worker-target-18 ansible_host=10.196.37.83 ansible_connection=ssh ansible_user=ubuntu\n    worker-target-19 ansible_host=10.196.38.100 ansible_connection=ssh ansible_user=ubuntu\n    worker-target-20 ansible_host=10.196.36.25 ansible_connection=ssh ansible_user=ubuntu\n    worker-target-21 ansible_host=10.196.36.244 ansible_connection=ssh ansible_user=ubuntu\n    worker-target-22 ansible_host=10.196.38.254 ansible_connection=ssh ansible_user=ubuntu\n    worker-target-23 ansible_host=10.196.36.140 ansible_connection=ssh ansible_user=ubuntu\n\n[storage]\n\n[database]\n    database-target-0 ansible_host=10.196.36.142 ansible_connection=ssh ansible_user=ubuntu\n\n[worker]\n    worker-target-0 ansible_host=10.196.36.24 ansible_connection=ssh ansible_user=ubuntu\n    worker-target-1 ansible_host=10.196.36.195 ansible_connection=ssh ansible_user=ubuntu\n    worker-target-2 ansible_host=10.196.38.45 ansible_connection=ssh ansible_user=ubuntu\n    worker-target-3 ansible_host=10.196.37.51 ansible_connection=ssh ansible_user=ubuntu\n    worker-target-4 ansible_host=10.196.37.115 ansible_connection=ssh ansible_user=ubuntu\n    worker-target-5 ansible_host=10.196.36.240 ansible_connection=ssh ansible_user=ubuntu\n    worker-target-6 ansible_host=10.196.36.91 ansible_connection=ssh ansible_user=ubuntu\n    worker-target-7 ansible_host=10.196.38.134 ansible_connection=ssh ansible_user=ubuntu\n    worker-target-8 ansible_host=10.196.38.112 ansible_connection=ssh ansible_user=ubuntu\n    worker-target-9 ansible_host=10.196.36.118 ansible_connection=ssh ansible_user=ubuntu\n    worker-target-10 ansible_host=10.196.39.77 ansible_connection=ssh ansible_user=ubuntu\n    worker-target-11 ansible_host=10.196.38.125 ansible_connection=ssh ansible_user=ubuntu\n    worker-target-12 ansible_host=10.196.36.238 ansible_connection=ssh ansible_user=ubuntu\n    worker-target-13 ansible_host=10.196.36.86 ansible_connection=ssh ansible_user=ubuntu\n    worker-target-14 ansible_host=10.196.37.202 ansible_connection=ssh ansible_user=ubuntu\n    worker-target-15 ansible_host=10.196.36.45 ansible_connection=ssh ansible_user=ubuntu\n    worker-target-16 ansible_host=10.196.38.222 ansible_connection=ssh ansible_user=ubuntu\n    worker-target-17 ansible_host=10.196.39.34 ansible_connection=ssh ansible_user=ubuntu\n    worker-target-18 ansible_host=10.196.37.83 ansible_connection=ssh ansible_user=ubuntu\n    worker-target-19 ansible_host=10.196.38.100 ansible_connection=ssh ansible_user=ubuntu\n    worker-target-20 ansible_host=10.196.36.25 ansible_connection=ssh ansible_user=ubuntu\n    worker-target-21 ansible_host=10.196.36.244 ansible_connection=ssh ansible_user=ubuntu\n    worker-target-22 ansible_host=10.196.38.254 ansible_connection=ssh ansible_user=ubuntu\n    worker-target-23 ansible_host=10.196.36.140 ansible_connection=ssh ansible_user=ubuntu\n",
            "content_base64": null,
            "content_base64sha256": "r5dc0MwRrw8S+hb47Z1tOo8ASS8ubjHThy1lSlZFWPw=",
            "content_base64sha512": "+zatR0b0oLIn+wnK8DW+d580xfFaDG/7sTLHcBYZ6ipxDFhR2ryyjdrUoGAKCYQV2M4F6sxBXWODpGi1Fuh7jg==",
            "content_md5": "37a9f347187e72c079201a24b0efeed4",
            "content_sha1": "2111450d688559834fe7120a4d8f1e7766ef1a0e",
            "content_sha256": "af975cd0cc11af0f12fa16f8ed9d6d3a8f00492f2e6e31d3872d654a564558fc",
            "content_sha512": "fb36ad4746f4a0b227fb09caf035be779f34c5f15a0c6ffbb132c7701619ea2a710c5851dabcb28ddad4a0600a098415d8ce05eacc415d6383a468b516e87b8e",
            "directory_permission": "0777",
            "file_permission": "0777",
            "filename": "./../ansible/inventory.txt",
            "id": "2111450d688559834fe7120a4d8f1e7766ef1a0e",
            "sensitive_content": null,
            "source": null
          },
          "sensitive_attributes": [
            [
              {
                "type": "get_attr",
                "value": "sensitive_content"
              }
            ]
          ],
          "dependencies": [
            "openstack_compute_instance_v2.count_instance",
            "openstack_compute_instance_v2.database_instances",
            "openstack_compute_instance_v2.storage_instances"
          ]
        }
      ]
    },
    {
      "mode": "managed",
      "type": "openstack_compute_instance_v2",
      "name": "count_instance",
      "provider": "provider[\"registry.terraform.io/terraform-provider-openstack/openstack\"]",
      "instances": [
        {
          "index_key": 0,
          "schema_version": 0,
          "attributes": {
            "access_ip_v4": "10.196.36.24",
            "access_ip_v6": "",
            "admin_pass": null,
            "all_metadata": {},
            "all_tags": [],
            "availability_zone": "nova",
            "availability_zone_hints": null,
            "block_device": [],
            "config_drive": null,
            "created": "2024-08-12 18:13:06 +0000 UTC",
            "flavor_id": "7902faaf-2130-4993-ba3d-ed7a2e4fbee3",
            "flavor_name": "css.1c2r.10g",
            "force_delete": false,
            "id": "280692e5-0682-46c9-8d59-34c45b636186",
            "image_id": "12ac2bc8-1ffb-46af-87dc-adb5219b0b3b",
            "image_name": "Ubuntu-20.04.6-LTS",
            "key_pair": "MasterVMKey",
            "metadata": null,
            "name": "WorkerNode-0",
            "network": [
              {
                "access_network": false,
                "fixed_ip_v4": "10.196.36.24",
                "fixed_ip_v6": "",
                "mac": "fa:16:3e:94:00:1a",
                "name": "acit",
                "port": "",
                "uuid": "ca5c496c-0fa7-46f9-a798-3c4455bad65f"
              }
            ],
            "network_mode": null,
            "personality": [],
            "power_state": "active",
            "region": "RegionOne",
            "scheduler_hints": [],
            "security_groups": [
              "default"
            ],
            "stop_before_destroy": false,
            "tags": null,
            "timeouts": null,
            "updated": "2024-08-12 18:13:19 +0000 UTC",
            "user_data": null,
            "vendor_options": []
          },
          "sensitive_attributes": [
            [
              {
                "type": "get_attr",
                "value": "admin_pass"
              }
            ]
          ],
          "private": "eyJlMmJmYjczMC1lY2FhLTExZTYtOGY4OC0zNDM2M2JjN2M0YzAiOnsiY3JlYXRlIjoxODAwMDAwMDAwMDAwLCJkZWxldGUiOjE4MDAwMDAwMDAwMDAsInVwZGF0ZSI6MTgwMDAwMDAwMDAwMH19"
        },
        {
          "index_key": 1,
          "schema_version": 0,
          "attributes": {
            "access_ip_v4": "10.196.36.195",
            "access_ip_v6": "",
            "admin_pass": null,
            "all_metadata": {},
            "all_tags": [],
            "availability_zone": "nova",
            "availability_zone_hints": null,
            "block_device": [],
            "config_drive": null,
            "created": "2024-08-12 18:10:21 +0000 UTC",
            "flavor_id": "7902faaf-2130-4993-ba3d-ed7a2e4fbee3",
            "flavor_name": "css.1c2r.10g",
            "force_delete": false,
            "id": "75a1e173-06ed-41d3-a4e9-98e998ac4d46",
            "image_id": "12ac2bc8-1ffb-46af-87dc-adb5219b0b3b",
            "image_name": "Ubuntu-20.04.6-LTS",
            "key_pair": "MasterVMKey",
            "metadata": null,
            "name": "WorkerNode-1",
            "network": [
              {
                "access_network": false,
                "fixed_ip_v4": "10.196.36.195",
                "fixed_ip_v6": "",
                "mac": "fa:16:3e:9a:93:f8",
                "name": "acit",
                "port": "",
                "uuid": "ca5c496c-0fa7-46f9-a798-3c4455bad65f"
              }
            ],
            "network_mode": null,
            "personality": [],
            "power_state": "active",
            "region": "RegionOne",
            "scheduler_hints": [],
            "security_groups": [
              "default"
            ],
            "stop_before_destroy": false,
            "tags": null,
            "timeouts": null,
            "updated": "2024-08-12 18:10:31 +0000 UTC",
            "user_data": null,
            "vendor_options": []
          },
          "sensitive_attributes": [
            [
              {
                "type": "get_attr",
                "value": "admin_pass"
              }
            ]
          ],
          "private": "eyJlMmJmYjczMC1lY2FhLTExZTYtOGY4OC0zNDM2M2JjN2M0YzAiOnsiY3JlYXRlIjoxODAwMDAwMDAwMDAwLCJkZWxldGUiOjE4MDAwMDAwMDAwMDAsInVwZGF0ZSI6MTgwMDAwMDAwMDAwMH19"
        },
        {
          "index_key": 2,
          "schema_version": 0,
          "attributes": {
            "access_ip_v4": "10.196.38.45",
            "access_ip_v6": "",
            "admin_pass": null,
            "all_metadata": {},
            "all_tags": [],
            "availability_zone": "nova",
            "availability_zone_hints": null,
            "block_device": [],
            "config_drive": null,
            "created": "2024-08-12 18:12:54 +0000 UTC",
            "flavor_id": "7902faaf-2130-4993-ba3d-ed7a2e4fbee3",
            "flavor_name": "css.1c2r.10g",
            "force_delete": false,
            "id": "ee385c38-f3ee-40ce-9416-77ba37e08124",
            "image_id": "12ac2bc8-1ffb-46af-87dc-adb5219b0b3b",
            "image_name": "Ubuntu-20.04.6-LTS",
            "key_pair": "MasterVMKey",
            "metadata": null,
            "name": "WorkerNode-2",
            "network": [
              {
                "access_network": false,
                "fixed_ip_v4": "10.196.38.45",
                "fixed_ip_v6": "",
                "mac": "fa:16:3e:f4:a7:02",
                "name": "acit",
                "port": "",
                "uuid": "ca5c496c-0fa7-46f9-a798-3c4455bad65f"
              }
            ],
            "network_mode": null,
            "personality": [],
            "power_state": "active",
            "region": "RegionOne",
            "scheduler_hints": [],
            "security_groups": [
              "default"
            ],
            "stop_before_destroy": false,
            "tags": null,
            "timeouts": null,
            "updated": "2024-08-12 18:13:01 +0000 UTC",
            "user_data": null,
            "vendor_options": []
          },
          "sensitive_attributes": [
            [
              {
                "type": "get_attr",
                "value": "admin_pass"
              }
            ]
          ],
          "private": "eyJlMmJmYjczMC1lY2FhLTExZTYtOGY4OC0zNDM2M2JjN2M0YzAiOnsiY3JlYXRlIjoxODAwMDAwMDAwMDAwLCJkZWxldGUiOjE4MDAwMDAwMDAwMDAsInVwZGF0ZSI6MTgwMDAwMDAwMDAwMH19"
        },
        {
          "index_key": 3,
          "schema_version": 0,
          "attributes": {
            "access_ip_v4": "10.196.37.51",
            "access_ip_v6": "",
            "admin_pass": null,
            "all_metadata": {},
            "all_tags": [],
            "availability_zone": "nova",
            "availability_zone_hints": null,
            "block_device": [],
            "config_drive": null,
            "created": "2024-08-12 18:15:22 +0000 UTC",
            "flavor_id": "7902faaf-2130-4993-ba3d-ed7a2e4fbee3",
            "flavor_name": "css.1c2r.10g",
            "force_delete": false,
            "id": "b5208b22-8e39-4694-88ac-53fe5b5d3a81",
            "image_id": "12ac2bc8-1ffb-46af-87dc-adb5219b0b3b",
            "image_name": "Ubuntu-20.04.6-LTS",
            "key_pair": "MasterVMKey",
            "metadata": null,
            "name": "WorkerNode-3",
            "network": [
              {
                "access_network": false,
                "fixed_ip_v4": "10.196.37.51",
                "fixed_ip_v6": "",
                "mac": "fa:16:3e:40:fd:50",
                "name": "acit",
                "port": "",
                "uuid": "ca5c496c-0fa7-46f9-a798-3c4455bad65f"
              }
            ],
            "network_mode": null,
            "personality": [],
            "power_state": "active",
            "region": "RegionOne",
            "scheduler_hints": [],
            "security_groups": [
              "default"
            ],
            "stop_before_destroy": false,
            "tags": null,
            "timeouts": null,
            "updated": "2024-08-12 18:15:29 +0000 UTC",
            "user_data": null,
            "vendor_options": []
          },
          "sensitive_attributes": [
            [
              {
                "type": "get_attr",
                "value": "admin_pass"
              }
            ]
          ],
          "private": "eyJlMmJmYjczMC1lY2FhLTExZTYtOGY4OC0zNDM2M2JjN2M0YzAiOnsiY3JlYXRlIjoxODAwMDAwMDAwMDAwLCJkZWxldGUiOjE4MDAwMDAwMDAwMDAsInVwZGF0ZSI6MTgwMDAwMDAwMDAwMH19"
        },
        {
          "index_key": 4,
          "schema_version": 0,
          "attributes": {
            "access_ip_v4": "10.196.37.115",
            "access_ip_v6": "",
            "admin_pass": null,
            "all_metadata": {},
            "all_tags": [],
            "availability_zone": "nova",
            "availability_zone_hints": null,
            "block_device": [],
            "config_drive": null,
            "created": "2024-08-12 18:15:37 +0000 UTC",
            "flavor_id": "7902faaf-2130-4993-ba3d-ed7a2e4fbee3",
            "flavor_name": "css.1c2r.10g",
            "force_delete": false,
            "id": "3022b672-06cb-4727-842c-be83d6f0aa68",
            "image_id": "12ac2bc8-1ffb-46af-87dc-adb5219b0b3b",
            "image_name": "Ubuntu-20.04.6-LTS",
            "key_pair": "MasterVMKey",
            "metadata": null,
            "name": "WorkerNode-4",
            "network": [
              {
                "access_network": false,
                "fixed_ip_v4": "10.196.37.115",
                "fixed_ip_v6": "",
                "mac": "fa:16:3e:3c:47:9b",
                "name": "acit",
                "port": "",
                "uuid": "ca5c496c-0fa7-46f9-a798-3c4455bad65f"
              }
            ],
            "network_mode": null,
            "personality": [],
            "power_state": "active",
            "region": "RegionOne",
            "scheduler_hints": [],
            "security_groups": [
              "default"
            ],
            "stop_before_destroy": false,
            "tags": null,
            "timeouts": null,
            "updated": "2024-08-12 18:15:43 +0000 UTC",
            "user_data": null,
            "vendor_options": []
          },
          "sensitive_attributes": [
            [
              {
                "type": "get_attr",
                "value": "admin_pass"
              }
            ]
          ],
          "private": "eyJlMmJmYjczMC1lY2FhLTExZTYtOGY4OC0zNDM2M2JjN2M0YzAiOnsiY3JlYXRlIjoxODAwMDAwMDAwMDAwLCJkZWxldGUiOjE4MDAwMDAwMDAwMDAsInVwZGF0ZSI6MTgwMDAwMDAwMDAwMH19"
        },
        {
          "index_key": 5,
          "schema_version": 0,
          "attributes": {
            "access_ip_v4": "10.196.36.240",
            "access_ip_v6": "",
            "admin_pass": null,
            "all_metadata": {},
            "all_tags": [],
            "availability_zone": "nova",
            "availability_zone_hints": null,
            "block_device": [],
            "config_drive": null,
            "created": "2024-08-12 18:13:03 +0000 UTC",
            "flavor_id": "7902faaf-2130-4993-ba3d-ed7a2e4fbee3",
            "flavor_name": "css.1c2r.10g",
            "force_delete": false,
            "id": "f07fe6dd-cada-4178-97ed-a64e7fb65e75",
            "image_id": "12ac2bc8-1ffb-46af-87dc-adb5219b0b3b",
            "image_name": "Ubuntu-20.04.6-LTS",
            "key_pair": "MasterVMKey",
            "metadata": null,
            "name": "WorkerNode-5",
            "network": [
              {
                "access_network": false,
                "fixed_ip_v4": "10.196.36.240",
                "fixed_ip_v6": "",
                "mac": "fa:16:3e:2a:46:88",
                "name": "acit",
                "port": "",
                "uuid": "ca5c496c-0fa7-46f9-a798-3c4455bad65f"
              }
            ],
            "network_mode": null,
            "personality": [],
            "power_state": "active",
            "region": "RegionOne",
            "scheduler_hints": [],
            "security_groups": [
              "default"
            ],
            "stop_before_destroy": false,
            "tags": null,
            "timeouts": null,
            "updated": "2024-08-12 18:13:09 +0000 UTC",
            "user_data": null,
            "vendor_options": []
          },
          "sensitive_attributes": [
            [
              {
                "type": "get_attr",
                "value": "admin_pass"
              }
            ]
          ],
          "private": "eyJlMmJmYjczMC1lY2FhLTExZTYtOGY4OC0zNDM2M2JjN2M0YzAiOnsiY3JlYXRlIjoxODAwMDAwMDAwMDAwLCJkZWxldGUiOjE4MDAwMDAwMDAwMDAsInVwZGF0ZSI6MTgwMDAwMDAwMDAwMH19"
        },
        {
          "index_key": 6,
          "schema_version": 0,
          "attributes": {
            "access_ip_v4": "10.196.36.91",
            "access_ip_v6": "",
            "admin_pass": null,
            "all_metadata": {},
            "all_tags": [],
            "availability_zone": "nova",
            "availability_zone_hints": null,
            "block_device": [],
            "config_drive": null,
            "created": "2024-08-12 18:10:21 +0000 UTC",
            "flavor_id": "7902faaf-2130-4993-ba3d-ed7a2e4fbee3",
            "flavor_name": "css.1c2r.10g",
            "force_delete": false,
            "id": "6fbb93a5-0dce-4dba-ad12-ee6c9a378ec6",
            "image_id": "12ac2bc8-1ffb-46af-87dc-adb5219b0b3b",
            "image_name": "Ubuntu-20.04.6-LTS",
            "key_pair": "MasterVMKey",
            "metadata": null,
            "name": "WorkerNode-6",
            "network": [
              {
                "access_network": false,
                "fixed_ip_v4": "10.196.36.91",
                "fixed_ip_v6": "",
                "mac": "fa:16:3e:29:c1:87",
                "name": "acit",
                "port": "",
                "uuid": "ca5c496c-0fa7-46f9-a798-3c4455bad65f"
              }
            ],
            "network_mode": null,
            "personality": [],
            "power_state": "active",
            "region": "RegionOne",
            "scheduler_hints": [],
            "security_groups": [
              "default"
            ],
            "stop_before_destroy": false,
            "tags": null,
            "timeouts": null,
            "updated": "2024-08-12 18:10:31 +0000 UTC",
            "user_data": null,
            "vendor_options": []
          },
          "sensitive_attributes": [
            [
              {
                "type": "get_attr",
                "value": "admin_pass"
              }
            ]
          ],
          "private": "eyJlMmJmYjczMC1lY2FhLTExZTYtOGY4OC0zNDM2M2JjN2M0YzAiOnsiY3JlYXRlIjoxODAwMDAwMDAwMDAwLCJkZWxldGUiOjE4MDAwMDAwMDAwMDAsInVwZGF0ZSI6MTgwMDAwMDAwMDAwMH19"
        },
        {
          "index_key": 7,
          "schema_version": 0,
          "attributes": {
            "access_ip_v4": "10.196.38.134",
            "access_ip_v6": "",
            "admin_pass": null,
            "all_metadata": {},
            "all_tags": [],
            "availability_zone": "nova",
            "availability_zone_hints": null,
            "block_device": [],
            "config_drive": null,
            "created": "2024-08-12 18:13:04 +0000 UTC",
            "flavor_id": "7902faaf-2130-4993-ba3d-ed7a2e4fbee3",
            "flavor_name": "css.1c2r.10g",
            "force_delete": false,
            "id": "39ce98c9-8e81-4a2d-a08e-4630d6f677f8",
            "image_id": "12ac2bc8-1ffb-46af-87dc-adb5219b0b3b",
            "image_name": "Ubuntu-20.04.6-LTS",
            "key_pair": "MasterVMKey",
            "metadata": null,
            "name": "WorkerNode-7",
            "network": [
              {
                "access_network": false,
                "fixed_ip_v4": "10.196.38.134",
                "fixed_ip_v6": "",
                "mac": "fa:16:3e:af:8d:6b",
                "name": "acit",
                "port": "",
                "uuid": "ca5c496c-0fa7-46f9-a798-3c4455bad65f"
              }
            ],
            "network_mode": null,
            "personality": [],
            "power_state": "active",
            "region": "RegionOne",
            "scheduler_hints": [],
            "security_groups": [
              "default"
            ],
            "stop_before_destroy": false,
            "tags": null,
            "timeouts": null,
            "updated": "2024-08-12 18:13:15 +0000 UTC",
            "user_data": null,
            "vendor_options": []
          },
          "sensitive_attributes": [
            [
              {
                "type": "get_attr",
                "value": "admin_pass"
              }
            ]
          ],
          "private": "eyJlMmJmYjczMC1lY2FhLTExZTYtOGY4OC0zNDM2M2JjN2M0YzAiOnsiY3JlYXRlIjoxODAwMDAwMDAwMDAwLCJkZWxldGUiOjE4MDAwMDAwMDAwMDAsInVwZGF0ZSI6MTgwMDAwMDAwMDAwMH19"
        },
        {
          "index_key": 8,
          "schema_version": 0,
          "attributes": {
            "access_ip_v4": "10.196.38.112",
            "access_ip_v6": "",
            "admin_pass": null,
            "all_metadata": {},
            "all_tags": [],
            "availability_zone": "nova",
            "availability_zone_hints": null,
            "block_device": [],
            "config_drive": null,
            "created": "2024-08-12 18:15:34 +0000 UTC",
            "flavor_id": "7902faaf-2130-4993-ba3d-ed7a2e4fbee3",
            "flavor_name": "css.1c2r.10g",
            "force_delete": false,
            "id": "b01598c2-aaaa-4727-8ecb-738a0e27350e",
            "image_id": "12ac2bc8-1ffb-46af-87dc-adb5219b0b3b",
            "image_name": "Ubuntu-20.04.6-LTS",
            "key_pair": "MasterVMKey",
            "metadata": null,
            "name": "WorkerNode-8",
            "network": [
              {
                "access_network": false,
                "fixed_ip_v4": "10.196.38.112",
                "fixed_ip_v6": "",
                "mac": "fa:16:3e:b9:e9:b8",
                "name": "acit",
                "port": "",
                "uuid": "ca5c496c-0fa7-46f9-a798-3c4455bad65f"
              }
            ],
            "network_mode": null,
            "personality": [],
            "power_state": "active",
            "region": "RegionOne",
            "scheduler_hints": [],
            "security_groups": [
              "default"
            ],
            "stop_before_destroy": false,
            "tags": null,
            "timeouts": null,
            "updated": "2024-08-12 18:15:41 +0000 UTC",
            "user_data": null,
            "vendor_options": []
          },
          "sensitive_attributes": [
            [
              {
                "type": "get_attr",
                "value": "admin_pass"
              }
            ]
          ],
          "private": "eyJlMmJmYjczMC1lY2FhLTExZTYtOGY4OC0zNDM2M2JjN2M0YzAiOnsiY3JlYXRlIjoxODAwMDAwMDAwMDAwLCJkZWxldGUiOjE4MDAwMDAwMDAwMDAsInVwZGF0ZSI6MTgwMDAwMDAwMDAwMH19"
        },
        {
          "index_key": 9,
          "schema_version": 0,
          "attributes": {
            "access_ip_v4": "10.196.36.118",
            "access_ip_v6": "",
            "admin_pass": null,
            "all_metadata": {},
            "all_tags": [],
            "availability_zone": "nova",
            "availability_zone_hints": null,
            "block_device": [],
            "config_drive": null,
            "created": "2024-08-12 18:13:06 +0000 UTC",
            "flavor_id": "7902faaf-2130-4993-ba3d-ed7a2e4fbee3",
            "flavor_name": "css.1c2r.10g",
            "force_delete": false,
            "id": "4ddb678b-2427-4e4a-8b74-5de5da5b87b9",
            "image_id": "12ac2bc8-1ffb-46af-87dc-adb5219b0b3b",
            "image_name": "Ubuntu-20.04.6-LTS",
            "key_pair": "MasterVMKey",
            "metadata": null,
            "name": "WorkerNode-9",
            "network": [
              {
                "access_network": false,
                "fixed_ip_v4": "10.196.36.118",
                "fixed_ip_v6": "",
                "mac": "fa:16:3e:42:ac:f3",
                "name": "acit",
                "port": "",
                "uuid": "ca5c496c-0fa7-46f9-a798-3c4455bad65f"
              }
            ],
            "network_mode": null,
            "personality": [],
            "power_state": "active",
            "region": "RegionOne",
            "scheduler_hints": [],
            "security_groups": [
              "default"
            ],
            "stop_before_destroy": false,
            "tags": null,
            "timeouts": null,
            "updated": "2024-08-12 18:13:17 +0000 UTC",
            "user_data": null,
            "vendor_options": []
          },
          "sensitive_attributes": [
            [
              {
                "type": "get_attr",
                "value": "admin_pass"
              }
            ]
          ],
          "private": "eyJlMmJmYjczMC1lY2FhLTExZTYtOGY4OC0zNDM2M2JjN2M0YzAiOnsiY3JlYXRlIjoxODAwMDAwMDAwMDAwLCJkZWxldGUiOjE4MDAwMDAwMDAwMDAsInVwZGF0ZSI6MTgwMDAwMDAwMDAwMH19"
        },
        {
          "index_key": 10,
          "schema_version": 0,
          "attributes": {
            "access_ip_v4": "10.196.39.77",
            "access_ip_v6": "",
            "admin_pass": null,
            "all_metadata": {},
            "all_tags": [],
            "availability_zone": "nova",
            "availability_zone_hints": null,
            "block_device": [],
            "config_drive": null,
            "created": "2024-08-12 18:15:23 +0000 UTC",
            "flavor_id": "7902faaf-2130-4993-ba3d-ed7a2e4fbee3",
            "flavor_name": "css.1c2r.10g",
            "force_delete": false,
            "id": "fed98801-7feb-4683-9341-25d48d6a9f8f",
            "image_id": "12ac2bc8-1ffb-46af-87dc-adb5219b0b3b",
            "image_name": "Ubuntu-20.04.6-LTS",
            "key_pair": "MasterVMKey",
            "metadata": null,
            "name": "WorkerNode-10",
            "network": [
              {
                "access_network": false,
                "fixed_ip_v4": "10.196.39.77",
                "fixed_ip_v6": "",
                "mac": "fa:16:3e:e9:18:ee",
                "name": "acit",
                "port": "",
                "uuid": "ca5c496c-0fa7-46f9-a798-3c4455bad65f"
              }
            ],
            "network_mode": null,
            "personality": [],
            "power_state": "active",
            "region": "RegionOne",
            "scheduler_hints": [],
            "security_groups": [
              "default"
            ],
            "stop_before_destroy": false,
            "tags": null,
            "timeouts": null,
            "updated": "2024-08-12 18:15:30 +0000 UTC",
            "user_data": null,
            "vendor_options": []
          },
          "sensitive_attributes": [
            [
              {
                "type": "get_attr",
                "value": "admin_pass"
              }
            ]
          ],
          "private": "eyJlMmJmYjczMC1lY2FhLTExZTYtOGY4OC0zNDM2M2JjN2M0YzAiOnsiY3JlYXRlIjoxODAwMDAwMDAwMDAwLCJkZWxldGUiOjE4MDAwMDAwMDAwMDAsInVwZGF0ZSI6MTgwMDAwMDAwMDAwMH19"
        },
        {
          "index_key": 11,
          "schema_version": 0,
          "attributes": {
            "access_ip_v4": "10.196.38.125",
            "access_ip_v6": "",
            "admin_pass": null,
            "all_metadata": {},
            "all_tags": [],
            "availability_zone": "nova",
            "availability_zone_hints": null,
            "block_device": [],
            "config_drive": null,
            "created": "2024-08-12 18:13:04 +0000 UTC",
            "flavor_id": "7902faaf-2130-4993-ba3d-ed7a2e4fbee3",
            "flavor_name": "css.1c2r.10g",
            "force_delete": false,
            "id": "641723c2-2a97-48f9-8f29-96ccd8272933",
            "image_id": "12ac2bc8-1ffb-46af-87dc-adb5219b0b3b",
            "image_name": "Ubuntu-20.04.6-LTS",
            "key_pair": "MasterVMKey",
            "metadata": null,
            "name": "WorkerNode-11",
            "network": [
              {
                "access_network": false,
                "fixed_ip_v4": "10.196.38.125",
                "fixed_ip_v6": "",
                "mac": "fa:16:3e:39:c4:73",
                "name": "acit",
                "port": "",
                "uuid": "ca5c496c-0fa7-46f9-a798-3c4455bad65f"
              }
            ],
            "network_mode": null,
            "personality": [],
            "power_state": "active",
            "region": "RegionOne",
            "scheduler_hints": [],
            "security_groups": [
              "default"
            ],
            "stop_before_destroy": false,
            "tags": null,
            "timeouts": null,
            "updated": "2024-08-12 18:13:15 +0000 UTC",
            "user_data": null,
            "vendor_options": []
          },
          "sensitive_attributes": [
            [
              {
                "type": "get_attr",
                "value": "admin_pass"
              }
            ]
          ],
          "private": "eyJlMmJmYjczMC1lY2FhLTExZTYtOGY4OC0zNDM2M2JjN2M0YzAiOnsiY3JlYXRlIjoxODAwMDAwMDAwMDAwLCJkZWxldGUiOjE4MDAwMDAwMDAwMDAsInVwZGF0ZSI6MTgwMDAwMDAwMDAwMH19"
        },
        {
          "index_key": 12,
          "schema_version": 0,
          "attributes": {
            "access_ip_v4": "10.196.36.238",
            "access_ip_v6": "",
            "admin_pass": null,
            "all_metadata": {},
            "all_tags": [],
            "availability_zone": "nova",
            "availability_zone_hints": null,
            "block_device": [],
            "config_drive": null,
            "created": "2024-08-12 18:15:33 +0000 UTC",
            "flavor_id": "7902faaf-2130-4993-ba3d-ed7a2e4fbee3",
            "flavor_name": "css.1c2r.10g",
            "force_delete": false,
            "id": "88d699f7-1fc4-48d8-917e-8b3a92b9ee52",
            "image_id": "12ac2bc8-1ffb-46af-87dc-adb5219b0b3b",
            "image_name": "Ubuntu-20.04.6-LTS",
            "key_pair": "MasterVMKey",
            "metadata": null,
            "name": "WorkerNode-12",
            "network": [
              {
                "access_network": false,
                "fixed_ip_v4": "10.196.36.238",
                "fixed_ip_v6": "",
                "mac": "fa:16:3e:62:c7:22",
                "name": "acit",
                "port": "",
                "uuid": "ca5c496c-0fa7-46f9-a798-3c4455bad65f"
              }
            ],
            "network_mode": null,
            "personality": [],
            "power_state": "active",
            "region": "RegionOne",
            "scheduler_hints": [],
            "security_groups": [
              "default"
            ],
            "stop_before_destroy": false,
            "tags": null,
            "timeouts": null,
            "updated": "2024-08-12 18:15:43 +0000 UTC",
            "user_data": null,
            "vendor_options": []
          },
          "sensitive_attributes": [
            [
              {
                "type": "get_attr",
                "value": "admin_pass"
              }
            ]
          ],
          "private": "eyJlMmJmYjczMC1lY2FhLTExZTYtOGY4OC0zNDM2M2JjN2M0YzAiOnsiY3JlYXRlIjoxODAwMDAwMDAwMDAwLCJkZWxldGUiOjE4MDAwMDAwMDAwMDAsInVwZGF0ZSI6MTgwMDAwMDAwMDAwMH19"
        },
        {
          "index_key": 13,
          "schema_version": 0,
          "attributes": {
            "access_ip_v4": "10.196.36.86",
            "access_ip_v6": "",
            "admin_pass": null,
            "all_metadata": {},
            "all_tags": [],
            "availability_zone": "nova",
            "availability_zone_hints": null,
            "block_device": [],
            "config_drive": null,
            "created": "2024-08-12 18:13:04 +0000 UTC",
            "flavor_id": "7902faaf-2130-4993-ba3d-ed7a2e4fbee3",
            "flavor_name": "css.1c2r.10g",
            "force_delete": false,
            "id": "00c52b60-e6b4-4007-bc12-ab43d8174403",
            "image_id": "12ac2bc8-1ffb-46af-87dc-adb5219b0b3b",
            "image_name": "Ubuntu-20.04.6-LTS",
            "key_pair": "MasterVMKey",
            "metadata": null,
            "name": "WorkerNode-13",
            "network": [
              {
                "access_network": false,
                "fixed_ip_v4": "10.196.36.86",
                "fixed_ip_v6": "",
                "mac": "fa:16:3e:97:c2:73",
                "name": "acit",
                "port": "",
                "uuid": "ca5c496c-0fa7-46f9-a798-3c4455bad65f"
              }
            ],
            "network_mode": null,
            "personality": [],
            "power_state": "active",
            "region": "RegionOne",
            "scheduler_hints": [],
            "security_groups": [
              "default"
            ],
            "stop_before_destroy": false,
            "tags": null,
            "timeouts": null,
            "updated": "2024-08-12 18:13:18 +0000 UTC",
            "user_data": null,
            "vendor_options": []
          },
          "sensitive_attributes": [
            [
              {
                "type": "get_attr",
                "value": "admin_pass"
              }
            ]
          ],
          "private": "eyJlMmJmYjczMC1lY2FhLTExZTYtOGY4OC0zNDM2M2JjN2M0YzAiOnsiY3JlYXRlIjoxODAwMDAwMDAwMDAwLCJkZWxldGUiOjE4MDAwMDAwMDAwMDAsInVwZGF0ZSI6MTgwMDAwMDAwMDAwMH19"
        },
        {
          "index_key": 14,
          "schema_version": 0,
          "attributes": {
            "access_ip_v4": "10.196.37.202",
            "access_ip_v6": "",
            "admin_pass": null,
            "all_metadata": {},
            "all_tags": [],
            "availability_zone": "nova",
            "availability_zone_hints": null,
            "block_device": [],
            "config_drive": null,
            "created": "2024-08-12 18:10:21 +0000 UTC",
            "flavor_id": "7902faaf-2130-4993-ba3d-ed7a2e4fbee3",
            "flavor_name": "css.1c2r.10g",
            "force_delete": false,
            "id": "4edbc7a1-ca6a-4a8c-bb16-88047d8054de",
            "image_id": "12ac2bc8-1ffb-46af-87dc-adb5219b0b3b",
            "image_name": "Ubuntu-20.04.6-LTS",
            "key_pair": "MasterVMKey",
            "metadata": null,
            "name": "WorkerNode-14",
            "network": [
              {
                "access_network": false,
                "fixed_ip_v4": "10.196.37.202",
                "fixed_ip_v6": "",
                "mac": "fa:16:3e:de:33:e5",
                "name": "acit",
                "port": "",
                "uuid": "ca5c496c-0fa7-46f9-a798-3c4455bad65f"
              }
            ],
            "network_mode": null,
            "personality": [],
            "power_state": "active",
            "region": "RegionOne",
            "scheduler_hints": [],
            "security_groups": [
              "default"
            ],
            "stop_before_destroy": false,
            "tags": null,
            "timeouts": null,
            "updated": "2024-08-12 18:10:31 +0000 UTC",
            "user_data": null,
            "vendor_options": []
          },
          "sensitive_attributes": [
            [
              {
                "type": "get_attr",
                "value": "admin_pass"
              }
            ]
          ],
          "private": "eyJlMmJmYjczMC1lY2FhLTExZTYtOGY4OC0zNDM2M2JjN2M0YzAiOnsiY3JlYXRlIjoxODAwMDAwMDAwMDAwLCJkZWxldGUiOjE4MDAwMDAwMDAwMDAsInVwZGF0ZSI6MTgwMDAwMDAwMDAwMH19"
        },
        {
          "index_key": 15,
          "schema_version": 0,
          "attributes": {
            "access_ip_v4": "10.196.36.45",
            "access_ip_v6": "",
            "admin_pass": null,
            "all_metadata": {},
            "all_tags": [],
            "availability_zone": "nova",
            "availability_zone_hints": null,
            "block_device": [],
            "config_drive": null,
            "created": "2024-08-12 18:10:21 +0000 UTC",
            "flavor_id": "7902faaf-2130-4993-ba3d-ed7a2e4fbee3",
            "flavor_name": "css.1c2r.10g",
            "force_delete": false,
            "id": "ca790312-effb-4588-aad4-375420182160",
            "image_id": "12ac2bc8-1ffb-46af-87dc-adb5219b0b3b",
            "image_name": "Ubuntu-20.04.6-LTS",
            "key_pair": "MasterVMKey",
            "metadata": null,
            "name": "WorkerNode-15",
            "network": [
              {
                "access_network": false,
                "fixed_ip_v4": "10.196.36.45",
                "fixed_ip_v6": "",
                "mac": "fa:16:3e:5f:fb:77",
                "name": "acit",
                "port": "",
                "uuid": "ca5c496c-0fa7-46f9-a798-3c4455bad65f"
              }
            ],
            "network_mode": null,
            "personality": [],
            "power_state": "active",
            "region": "RegionOne",
            "scheduler_hints": [],
            "security_groups": [
              "default"
            ],
            "stop_before_destroy": false,
            "tags": null,
            "timeouts": null,
            "updated": "2024-08-12 18:10:39 +0000 UTC",
            "user_data": null,
            "vendor_options": []
          },
          "sensitive_attributes": [
            [
              {
                "type": "get_attr",
                "value": "admin_pass"
              }
            ]
          ],
          "private": "eyJlMmJmYjczMC1lY2FhLTExZTYtOGY4OC0zNDM2M2JjN2M0YzAiOnsiY3JlYXRlIjoxODAwMDAwMDAwMDAwLCJkZWxldGUiOjE4MDAwMDAwMDAwMDAsInVwZGF0ZSI6MTgwMDAwMDAwMDAwMH19"
        },
        {
          "index_key": 16,
          "schema_version": 0,
          "attributes": {
            "access_ip_v4": "10.196.38.222",
            "access_ip_v6": "",
            "admin_pass": null,
            "all_metadata": {},
            "all_tags": [],
            "availability_zone": "nova",
            "availability_zone_hints": null,
            "block_device": [],
            "config_drive": null,
            "created": "2024-08-12 18:12:54 +0000 UTC",
            "flavor_id": "7902faaf-2130-4993-ba3d-ed7a2e4fbee3",
            "flavor_name": "css.1c2r.10g",
            "force_delete": false,
            "id": "866c04f5-dd2a-479a-a0e1-5d00092cdc29",
            "image_id": "12ac2bc8-1ffb-46af-87dc-adb5219b0b3b",
            "image_name": "Ubuntu-20.04.6-LTS",
            "key_pair": "MasterVMKey",
            "metadata": null,
            "name": "WorkerNode-16",
            "network": [
              {
                "access_network": false,
                "fixed_ip_v4": "10.196.38.222",
                "fixed_ip_v6": "",
                "mac": "fa:16:3e:e0:ac:f7",
                "name": "acit",
                "port": "",
                "uuid": "ca5c496c-0fa7-46f9-a798-3c4455bad65f"
              }
            ],
            "network_mode": null,
            "personality": [],
            "power_state": "active",
            "region": "RegionOne",
            "scheduler_hints": [],
            "security_groups": [
              "default"
            ],
            "stop_before_destroy": false,
            "tags": null,
            "timeouts": null,
            "updated": "2024-08-12 18:13:00 +0000 UTC",
            "user_data": null,
            "vendor_options": []
          },
          "sensitive_attributes": [
            [
              {
                "type": "get_attr",
                "value": "admin_pass"
              }
            ]
          ],
          "private": "eyJlMmJmYjczMC1lY2FhLTExZTYtOGY4OC0zNDM2M2JjN2M0YzAiOnsiY3JlYXRlIjoxODAwMDAwMDAwMDAwLCJkZWxldGUiOjE4MDAwMDAwMDAwMDAsInVwZGF0ZSI6MTgwMDAwMDAwMDAwMH19"
        },
        {
          "index_key": 17,
          "schema_version": 0,
          "attributes": {
            "access_ip_v4": "10.196.39.34",
            "access_ip_v6": "",
            "admin_pass": null,
            "all_metadata": {},
            "all_tags": [],
            "availability_zone": "nova",
            "availability_zone_hints": null,
            "block_device": [],
            "config_drive": null,
            "created": "2024-08-12 18:10:21 +0000 UTC",
            "flavor_id": "7902faaf-2130-4993-ba3d-ed7a2e4fbee3",
            "flavor_name": "css.1c2r.10g",
            "force_delete": false,
            "id": "65f51a5c-4ec4-4c0b-a91e-eaa76b909b0f",
            "image_id": "12ac2bc8-1ffb-46af-87dc-adb5219b0b3b",
            "image_name": "Ubuntu-20.04.6-LTS",
            "key_pair": "MasterVMKey",
            "metadata": null,
            "name": "WorkerNode-17",
            "network": [
              {
                "access_network": false,
                "fixed_ip_v4": "10.196.39.34",
                "fixed_ip_v6": "",
                "mac": "fa:16:3e:95:5b:08",
                "name": "acit",
                "port": "",
                "uuid": "ca5c496c-0fa7-46f9-a798-3c4455bad65f"
              }
            ],
            "network_mode": null,
            "personality": [],
            "power_state": "active",
            "region": "RegionOne",
            "scheduler_hints": [],
            "security_groups": [
              "default"
            ],
            "stop_before_destroy": false,
            "tags": null,
            "timeouts": null,
            "updated": "2024-08-12 18:10:32 +0000 UTC",
            "user_data": null,
            "vendor_options": []
          },
          "sensitive_attributes": [
            [
              {
                "type": "get_attr",
                "value": "admin_pass"
              }
            ]
          ],
          "private": "eyJlMmJmYjczMC1lY2FhLTExZTYtOGY4OC0zNDM2M2JjN2M0YzAiOnsiY3JlYXRlIjoxODAwMDAwMDAwMDAwLCJkZWxldGUiOjE4MDAwMDAwMDAwMDAsInVwZGF0ZSI6MTgwMDAwMDAwMDAwMH19"
        },
        {
          "index_key": 18,
          "schema_version": 0,
          "attributes": {
            "access_ip_v4": "10.196.37.83",
            "access_ip_v6": "",
            "admin_pass": null,
            "all_metadata": {},
            "all_tags": [],
            "availability_zone": "nova",
            "availability_zone_hints": null,
            "block_device": [],
            "config_drive": null,
            "created": "2024-08-12 18:10:21 +0000 UTC",
            "flavor_id": "7902faaf-2130-4993-ba3d-ed7a2e4fbee3",
            "flavor_name": "css.1c2r.10g",
            "force_delete": false,
            "id": "521a90c2-f011-489a-befb-a2759e514168",
            "image_id": "12ac2bc8-1ffb-46af-87dc-adb5219b0b3b",
            "image_name": "Ubuntu-20.04.6-LTS",
            "key_pair": "MasterVMKey",
            "metadata": null,
            "name": "WorkerNode-18",
            "network": [
              {
                "access_network": false,
                "fixed_ip_v4": "10.196.37.83",
                "fixed_ip_v6": "",
                "mac": "fa:16:3e:73:c9:b3",
                "name": "acit",
                "port": "",
                "uuid": "ca5c496c-0fa7-46f9-a798-3c4455bad65f"
              }
            ],
            "network_mode": null,
            "personality": [],
            "power_state": "active",
            "region": "RegionOne",
            "scheduler_hints": [],
            "security_groups": [
              "default"
            ],
            "stop_before_destroy": false,
            "tags": null,
            "timeouts": null,
            "updated": "2024-08-12 18:10:39 +0000 UTC",
            "user_data": null,
            "vendor_options": []
          },
          "sensitive_attributes": [
            [
              {
                "type": "get_attr",
                "value": "admin_pass"
              }
            ]
          ],
          "private": "eyJlMmJmYjczMC1lY2FhLTExZTYtOGY4OC0zNDM2M2JjN2M0YzAiOnsiY3JlYXRlIjoxODAwMDAwMDAwMDAwLCJkZWxldGUiOjE4MDAwMDAwMDAwMDAsInVwZGF0ZSI6MTgwMDAwMDAwMDAwMH19"
        },
        {
          "index_key": 19,
          "schema_version": 0,
          "attributes": {
            "access_ip_v4": "10.196.38.100",
            "access_ip_v6": "",
            "admin_pass": null,
            "all_metadata": {},
            "all_tags": [],
            "availability_zone": "nova",
            "availability_zone_hints": null,
            "block_device": [],
            "config_drive": null,
            "created": "2024-08-12 18:10:21 +0000 UTC",
            "flavor_id": "7902faaf-2130-4993-ba3d-ed7a2e4fbee3",
            "flavor_name": "css.1c2r.10g",
            "force_delete": false,
            "id": "29ffa418-fcf7-476d-a6e4-8b6b5ba4e6b5",
            "image_id": "12ac2bc8-1ffb-46af-87dc-adb5219b0b3b",
            "image_name": "Ubuntu-20.04.6-LTS",
            "key_pair": "MasterVMKey",
            "metadata": null,
            "name": "WorkerNode-19",
            "network": [
              {
                "access_network": false,
                "fixed_ip_v4": "10.196.38.100",
                "fixed_ip_v6": "",
                "mac": "fa:16:3e:f7:74:ba",
                "name": "acit",
                "port": "",
                "uuid": "ca5c496c-0fa7-46f9-a798-3c4455bad65f"
              }
            ],
            "network_mode": null,
            "personality": [],
            "power_state": "active",
            "region": "RegionOne",
            "scheduler_hints": [],
            "security_groups": [
              "default"
            ],
            "stop_before_destroy": false,
            "tags": null,
            "timeouts": null,
            "updated": "2024-08-12 18:10:38 +0000 UTC",
            "user_data": null,
            "vendor_options": []
          },
          "sensitive_attributes": [
            [
              {
                "type": "get_attr",
                "value": "admin_pass"
              }
            ]
          ],
          "private": "eyJlMmJmYjczMC1lY2FhLTExZTYtOGY4OC0zNDM2M2JjN2M0YzAiOnsiY3JlYXRlIjoxODAwMDAwMDAwMDAwLCJkZWxldGUiOjE4MDAwMDAwMDAwMDAsInVwZGF0ZSI6MTgwMDAwMDAwMDAwMH19"
        },
        {
          "index_key": 20,
          "schema_version": 0,
          "attributes": {
            "access_ip_v4": "10.196.36.25",
            "access_ip_v6": "",
            "admin_pass": null,
            "all_metadata": {},
            "all_tags": [],
            "availability_zone": "nova",
            "availability_zone_hints": null,
            "block_device": [],
            "config_drive": null,
            "created": "2024-08-12 18:10:21 +0000 UTC",
            "flavor_id": "7902faaf-2130-4993-ba3d-ed7a2e4fbee3",
            "flavor_name": "css.1c2r.10g",
            "force_delete": false,
            "id": "e9cb850c-72ea-47a8-bef7-cce1f830aeec",
            "image_id": "12ac2bc8-1ffb-46af-87dc-adb5219b0b3b",
            "image_name": "Ubuntu-20.04.6-LTS",
            "key_pair": "MasterVMKey",
            "metadata": null,
            "name": "WorkerNode-20",
            "network": [
              {
                "access_network": false,
                "fixed_ip_v4": "10.196.36.25",
                "fixed_ip_v6": "",
                "mac": "fa:16:3e:b4:2c:7e",
                "name": "acit",
                "port": "",
                "uuid": "ca5c496c-0fa7-46f9-a798-3c4455bad65f"
              }
            ],
            "network_mode": null,
            "personality": [],
            "power_state": "active",
            "region": "RegionOne",
            "scheduler_hints": [],
            "security_groups": [
              "default"
            ],
            "stop_before_destroy": false,
            "tags": null,
            "timeouts": null,
            "updated": "2024-08-12 18:10:32 +0000 UTC",
            "user_data": null,
            "vendor_options": []
          },
          "sensitive_attributes": [
            [
              {
                "type": "get_attr",
                "value": "admin_pass"
              }
            ]
          ],
          "private": "eyJlMmJmYjczMC1lY2FhLTExZTYtOGY4OC0zNDM2M2JjN2M0YzAiOnsiY3JlYXRlIjoxODAwMDAwMDAwMDAwLCJkZWxldGUiOjE4MDAwMDAwMDAwMDAsInVwZGF0ZSI6MTgwMDAwMDAwMDAwMH19"
        },
        {
          "index_key": 21,
          "schema_version": 0,
          "attributes": {
            "access_ip_v4": "10.196.36.244",
            "access_ip_v6": "",
            "admin_pass": null,
            "all_metadata": {},
            "all_tags": [],
            "availability_zone": "nova",
            "availability_zone_hints": null,
            "block_device": [],
            "config_drive": null,
            "created": "2024-08-12 18:10:21 +0000 UTC",
            "flavor_id": "7902faaf-2130-4993-ba3d-ed7a2e4fbee3",
            "flavor_name": "css.1c2r.10g",
            "force_delete": false,
            "id": "2c31544d-9126-4481-8dbc-f21e01793d4e",
            "image_id": "12ac2bc8-1ffb-46af-87dc-adb5219b0b3b",
            "image_name": "Ubuntu-20.04.6-LTS",
            "key_pair": "MasterVMKey",
            "metadata": null,
            "name": "WorkerNode-21",
            "network": [
              {
                "access_network": false,
                "fixed_ip_v4": "10.196.36.244",
                "fixed_ip_v6": "",
                "mac": "fa:16:3e:52:f0:3c",
                "name": "acit",
                "port": "",
                "uuid": "ca5c496c-0fa7-46f9-a798-3c4455bad65f"
              }
            ],
            "network_mode": null,
            "personality": [],
            "power_state": "active",
            "region": "RegionOne",
            "scheduler_hints": [],
            "security_groups": [
              "default"
            ],
            "stop_before_destroy": false,
            "tags": null,
            "timeouts": null,
            "updated": "2024-08-12 18:10:38 +0000 UTC",
            "user_data": null,
            "vendor_options": []
          },
          "sensitive_attributes": [
            [
              {
                "type": "get_attr",
                "value": "admin_pass"
              }
            ]
          ],
          "private": "eyJlMmJmYjczMC1lY2FhLTExZTYtOGY4OC0zNDM2M2JjN2M0YzAiOnsiY3JlYXRlIjoxODAwMDAwMDAwMDAwLCJkZWxldGUiOjE4MDAwMDAwMDAwMDAsInVwZGF0ZSI6MTgwMDAwMDAwMDAwMH19"
        },
        {
          "index_key": 22,
          "schema_version": 0,
          "attributes": {
            "access_ip_v4": "10.196.38.254",
            "access_ip_v6": "",
            "admin_pass": null,
            "all_metadata": {},
            "all_tags": [],
            "availability_zone": "nova",
            "availability_zone_hints": null,
            "block_device": [],
            "config_drive": null,
            "created": "2024-08-12 18:13:04 +0000 UTC",
            "flavor_id": "7902faaf-2130-4993-ba3d-ed7a2e4fbee3",
            "flavor_name": "css.1c2r.10g",
            "force_delete": false,
            "id": "fc8d7068-21d3-41f9-83f3-c7a046042c27",
            "image_id": "12ac2bc8-1ffb-46af-87dc-adb5219b0b3b",
            "image_name": "Ubuntu-20.04.6-LTS",
            "key_pair": "MasterVMKey",
            "metadata": null,
            "name": "WorkerNode-22",
            "network": [
              {
                "access_network": false,
                "fixed_ip_v4": "10.196.38.254",
                "fixed_ip_v6": "",
                "mac": "fa:16:3e:f2:fd:a1",
                "name": "acit",
                "port": "",
                "uuid": "ca5c496c-0fa7-46f9-a798-3c4455bad65f"
              }
            ],
            "network_mode": null,
            "personality": [],
            "power_state": "active",
            "region": "RegionOne",
            "scheduler_hints": [],
            "security_groups": [
              "default"
            ],
            "stop_before_destroy": false,
            "tags": null,
            "timeouts": null,
            "updated": "2024-08-12 18:13:16 +0000 UTC",
            "user_data": null,
            "vendor_options": []
          },
          "sensitive_attributes": [
            [
              {
                "type": "get_attr",
                "value": "admin_pass"
              }
            ]
          ],
          "private": "eyJlMmJmYjczMC1lY2FhLTExZTYtOGY4OC0zNDM2M2JjN2M0YzAiOnsiY3JlYXRlIjoxODAwMDAwMDAwMDAwLCJkZWxldGUiOjE4MDAwMDAwMDAwMDAsInVwZGF0ZSI6MTgwMDAwMDAwMDAwMH19"
        },
        {
          "index_key": 23,
          "schema_version": 0,
          "attributes": {
            "access_ip_v4": "10.196.36.140",
            "access_ip_v6": "",
            "admin_pass": null,
            "all_metadata": {},
            "all_tags": [],
            "availability_zone": "nova",
            "availability_zone_hints": null,
            "block_device": [],
            "config_drive": null,
            "created": "2024-08-12 18:12:54 +0000 UTC",
            "flavor_id": "7902faaf-2130-4993-ba3d-ed7a2e4fbee3",
            "flavor_name": "css.1c2r.10g",
            "force_delete": false,
            "id": "2199b5f0-36ff-41aa-910f-b25c60fbc177",
            "image_id": "12ac2bc8-1ffb-46af-87dc-adb5219b0b3b",
            "image_name": "Ubuntu-20.04.6-LTS",
            "key_pair": "MasterVMKey",
            "metadata": null,
            "name": "WorkerNode-23",
            "network": [
              {
                "access_network": false,
                "fixed_ip_v4": "10.196.36.140",
                "fixed_ip_v6": "",
                "mac": "fa:16:3e:7b:37:d3",
                "name": "acit",
                "port": "",
                "uuid": "ca5c496c-0fa7-46f9-a798-3c4455bad65f"
              }
            ],
            "network_mode": null,
            "personality": [],
            "power_state": "active",
            "region": "RegionOne",
            "scheduler_hints": [],
            "security_groups": [
              "default"
            ],
            "stop_before_destroy": false,
            "tags": null,
            "timeouts": null,
            "updated": "2024-08-12 18:13:00 +0000 UTC",
            "user_data": null,
            "vendor_options": []
          },
          "sensitive_attributes": [
            [
              {
                "type": "get_attr",
                "value": "admin_pass"
              }
            ]
          ],
          "private": "eyJlMmJmYjczMC1lY2FhLTExZTYtOGY4OC0zNDM2M2JjN2M0YzAiOnsiY3JlYXRlIjoxODAwMDAwMDAwMDAwLCJkZWxldGUiOjE4MDAwMDAwMDAwMDAsInVwZGF0ZSI6MTgwMDAwMDAwMDAwMH19"
        }
      ]
    },
    {
      "mode": "managed",
      "type": "openstack_compute_instance_v2",
      "name": "database_instances",
      "provider": "provider[\"registry.terraform.io/terraform-provider-openstack/openstack\"]",
      "instances": [
        {
          "index_key": 0,
          "schema_version": 0,
          "attributes": {
            "access_ip_v4": "10.196.36.142",
            "access_ip_v6": "",
            "admin_pass": null,
            "all_metadata": {},
            "all_tags": [],
            "availability_zone": "nova",
            "availability_zone_hints": null,
            "block_device": [],
            "config_drive": null,
            "created": "2024-08-12 18:10:21 +0000 UTC",
            "flavor_id": "7902faaf-2130-4993-ba3d-ed7a2e4fbee3",
            "flavor_name": "css.1c2r.10g",
            "force_delete": false,
            "id": "1fba06df-ddef-407f-97f6-d25e9aaa92d8",
            "image_id": "12ac2bc8-1ffb-46af-87dc-adb5219b0b3b",
            "image_name": "Ubuntu-20.04.6-LTS",
            "key_pair": "MasterVMKey",
            "metadata": null,
            "name": "database-0",
            "network": [
              {
                "access_network": false,
                "fixed_ip_v4": "10.196.36.142",
                "fixed_ip_v6": "",
                "mac": "fa:16:3e:4c:e8:81",
                "name": "acit",
                "port": "",
                "uuid": "ca5c496c-0fa7-46f9-a798-3c4455bad65f"
              }
            ],
            "network_mode": null,
            "personality": [],
            "power_state": "active",
            "region": "RegionOne",
            "scheduler_hints": [],
            "security_groups": [
              "default"
            ],
            "stop_before_destroy": false,
            "tags": null,
            "timeouts": null,
            "updated": "2024-08-12 18:10:34 +0000 UTC",
            "user_data": null,
            "vendor_options": []
          },
          "sensitive_attributes": [
            [
              {
                "type": "get_attr",
                "value": "admin_pass"
              }
            ]
          ],
          "private": "eyJlMmJmYjczMC1lY2FhLTExZTYtOGY4OC0zNDM2M2JjN2M0YzAiOnsiY3JlYXRlIjoxODAwMDAwMDAwMDAwLCJkZWxldGUiOjE4MDAwMDAwMDAwMDAsInVwZGF0ZSI6MTgwMDAwMDAwMDAwMH19"
        }
      ]
    }
  ],
  "check_results": null
}
